
Microsoft Visual Studio Solution File, Format Version 12.00
# Visual Studio 15
VisualStudioVersion = 15.0.28307.271
MinimumVisualStudioVersion = 10.0.40219.1
Project("{9A19103F-16F7-4668-BE54-9A1E7A4F7556}") = "TwitterClientCore", "TwitterClientCore.csproj", "{16F9EC4D-4142-4853-AA37-FE7BAA8C0527}"
EndProject
Global
	GlobalSection(SolutionConfigurationPlatforms) = preSolution
		Debug|Any CPU = Debug|Any CPU
		Release|Any CPU = Release|Any CPU
	EndGlobalSection
	GlobalSection(ProjectConfigurationPlatforms) = postSolution
		{16F9EC4D-4142-4853-AA37-FE7BAA8C0527}.Debug|Any CPU.ActiveCfg = Debug|Any CPU
		{16F9EC4D-4142-4853-AA37-FE7BAA8C0527}.Debug|Any CPU.Build.0 = Debug|Any CPU
		{16F9EC4D-4142-4853-AA37-FE7BAA8C0527}.Release|Any CPU.ActiveCfg = Release|Any CPU
		{16F9EC4D-4142-4853-AA37-FE7BAA8C0527}.Release|Any CPU.Build.0 = Release|Any CPU
	EndGlobalSection
	GlobalSection(SolutionProperties) = preSolution
		HideSolutionNode = FALSE
	EndGlobalSection
	GlobalSection(ExtensibilityGlobals) = postSolution
		SolutionGuid = {24049786-64EB-45B5-9618-4D1029648FE8}
	EndGlobalSection
EndGlobal
